// !$*UTF8*$!
{
	archiveVersion = 1;
	classes = {
	};
	objectVersion = 70;
	objects = {

/* Begin PBXBuildFile section */
		A1000001000000000000001 /* PlaceObjectsApp.swift in Sources */ = {isa = PBXBuildFile; fileRef = A1000002000000000000001 /* PlaceObjectsApp.swift */; };
		A1000003000000000000001 /* ContentView.swift in Sources */ = {isa = PBXBuildFile; fileRef = A1000004000000000000001 /* ContentView.swift */; };
		A1000005000000000000001 /* ImmersiveView.swift in Sources */ = {isa = PBXBuildFile; fileRef = A1000006000000000000001 /* ImmersiveView.swift */; };
		A1000007000000000000001 /* Assets.xcassets in Resources */ = {isa = PBXBuildFile; fileRef = A1000008000000000000001 /* Assets.xcassets */; };
		A1000009000000000000001 /* Preview Assets.xcassets in Resources */ = {isa = PBXBuildFile; fileRef = A100000A000000000000001 /* Preview Assets.xcassets */; };
		A100000B000000000000001 /* SpatialViewModel.swift in Sources */ = {isa = PBXBuildFile; fileRef = A100000C000000000000001 /* SpatialViewModel.swift */; };
		A100000D000000000000001 /* PlacementIndicator.swift in Sources */ = {isa = PBXBuildFile; fileRef = A100000E000000000000001 /* PlacementIndicator.swift */; };
		A100000F000000000000001 /* ObjectPlacementManager.swift in Sources */ = {isa = PBXBuildFile; fileRef = A1000010000000000000001 /* ObjectPlacementManager.swift */; };
		A1000011000000000000001 /* PersistenceManager.swift in Sources */ = {isa = PBXBuildFile; fileRef = A1000012000000000000001 /* PersistenceManager.swift */; };
		A1000013000000000000001 /* GestureManager.swift in Sources */ = {isa = PBXBuildFile; fileRef = A1000014000000000000001 /* GestureManager.swift */; };
		A1000015000000000000001 /* PlacedObject.swift in Sources */ = {isa = PBXBuildFile; fileRef = A1000016000000000000001 /* PlacedObject.swift */; };
/* End PBXBuildFile section */

/* Begin PBXFileReference section */
		A1000000000000000000001 /* PlaceObjects.app */ = {isa = PBXFileReference; explicitFileType = wrapper.application; includeInIndex = 0; path = PlaceObjects.app; sourceTree = BUILT_PRODUCTS_DIR; };
		A1000002000000000000001 /* PlaceObjectsApp.swift */ = {isa = PBXFileReference; lastKnownFileType = sourcecode.swift; path = PlaceObjectsApp.swift; sourceTree = "<group>"; };
		A1000004000000000000001 /* ContentView.swift */ = {isa = PBXFileReference; lastKnownFileType = sourcecode.swift; path = ContentView.swift; sourceTree = "<group>"; };
		A1000006000000000000001 /* ImmersiveView.swift */ = {isa = PBXFileReference; lastKnownFileType = sourcecode.swift; path = ImmersiveView.swift; sourceTree = "<group>"; };
		A1000008000000000000001 /* Assets.xcassets */ = {isa = PBXFileReference; lastKnownFileType = folder.assetcatalog; path = Assets.xcassets; sourceTree = "<group>"; };
		A100000A000000000000001 /* Preview Assets.xcassets */ = {isa = PBXFileReference; lastKnownFileType = folder.assetcatalog; path = "Preview Assets.xcassets"; sourceTree = "<group>"; };
		A100000C000000000000001 /* SpatialViewModel.swift */ = {isa = PBXFileReference; lastKnownFileType = sourcecode.swift; path = SpatialViewModel.swift; sourceTree = "<group>"; };
		A100000E000000000000001 /* PlacementIndicator.swift */ = {isa = PBXFileReference; lastKnownFileType = sourcecode.swift; path = PlacementIndicator.swift; sourceTree = "<group>"; };
		A1000010000000000000001 /* ObjectPlacementManager.swift */ = {isa = PBXFileReference; lastKnownFileType = sourcecode.swift; path = ObjectPlacementManager.swift; sourceTree = "<group>"; };
		A1000012000000000000001 /* PersistenceManager.swift */ = {isa = PBXFileReference; lastKnownFileType = sourcecode.swift; path = PersistenceManager.swift; sourceTree = "<group>"; };
		A1000014000000000000001 /* GestureManager.swift */ = {isa = PBXFileReference; lastKnownFileType = sourcecode.swift; path = GestureManager.swift; sourceTree = "<group>"; };
		A1000016000000000000001 /* PlacedObject.swift */ = {isa = PBXFileReference; lastKnownFileType = sourcecode.swift; path = PlacedObject.swift; sourceTree = "<group>"; };
		A1000018000000000000001 /* Info.plist */ = {isa = PBXFileReference; lastKnownFileType = text.plist.xml; path = Info.plist; sourceTree = "<group>"; };
/* End PBXFileReference section */

/* Begin PBXFileSystemSynchronizedRootGroup section */
		693BE6142EBCF040000CBBF8 /* USDZ */ = {isa = PBXFileSystemSynchronizedRootGroup; explicitFileTypes = {}; explicitFolders = (); path = USDZ; sourceTree = "<group>"; };
/* End PBXFileSystemSynchronizedRootGroup section */

/* Begin PBXFrameworksBuildPhase section */
		A0FFFFFF000000000000001 /* Frameworks */ = {
			isa = PBXFrameworksBuildPhase;
			buildActionMask = 2147483647;
			files = (
			);
			runOnlyForDeploymentPostprocessing = 0;
		};
/* End PBXFrameworksBuildPhase section */

/* Begin PBXGroup section */
		A0FFFFFE000000000000001 = {
			isa = PBXGroup;
			children = (
				A1000001000000000000002 /* PlaceObjects */,
				A0FFFFFF000000000000002 /* Products */,
			);
			sourceTree = "<group>";
		};
		A0FFFFFF000000000000002 /* Products */ = {
			isa = PBXGroup;
			children = (
				A1000000000000000000001 /* PlaceObjects.app */,
			);
			name = Products;
			sourceTree = "<group>";
		};
		A1000001000000000000002 /* PlaceObjects */ = {
			isa = PBXGroup;
			children = (
				A1000018000000000000001 /* Info.plist */,
				A1000002000000000000001 /* PlaceObjectsApp.swift */,
				A1000004000000000000001 /* ContentView.swift */,
				A1000006000000000000001 /* ImmersiveView.swift */,
				A1000017000000000000001 /* ViewModels */,
				A1000019000000000000001 /* Managers */,
				A100001A000000000000001 /* Models */,
				A100001B000000000000001 /* Utils */,
				A1000008000000000000001 /* Assets.xcassets */,
				A100000B000000000000002 /* Preview Content */,
			);
			path = PlaceObjects;
			sourceTree = "<group>";
		};
		A100000B000000000000002 /* Preview Content */ = {
			isa = PBXGroup;
			children = (
				A100000A000000000000001 /* Preview Assets.xcassets */,
			);
			path = "Preview Content";
			sourceTree = "<group>";
		};
		A1000017000000000000001 /* ViewModels */ = {
			isa = PBXGroup;
			children = (
				A100000C000000000000001 /* SpatialViewModel.swift */,
			);
			path = ViewModels;
			sourceTree = "<group>";
		};
		A1000019000000000000001 /* Managers */ = {
			isa = PBXGroup;
			children = (
				A1000010000000000000001 /* ObjectPlacementManager.swift */,
				A1000012000000000000001 /* PersistenceManager.swift */,
				A1000014000000000000001 /* GestureManager.swift */,
			);
			path = Managers;
			sourceTree = "<group>";
		};
		A100001A000000000000001 /* Models */ = {
			isa = PBXGroup;
			children = (
				693BE6142EBCF040000CBBF8 /* USDZ */,
				A1000016000000000000001 /* PlacedObject.swift */,
			);
			path = Models;
			sourceTree = "<group>";
		};
		A100001B000000000000001 /* Utils */ = {
			isa = PBXGroup;
			children = (
				A100000E000000000000001 /* PlacementIndicator.swift */,
			);
			path = Utils;
			sourceTree = "<group>";
		};
/* End PBXGroup section */

/* Begin PBXNativeTarget section */
		A0FFFFFFC00000000000001 /* PlaceObjects */ = {
			isa = PBXNativeTarget;
			buildConfigurationList = A100001C000000000000001 /* Build configuration list for PBXNativeTarget "PlaceObjects" */;
			buildPhases = (
				A0FFFFFFD00000000000001 /* Sources */,
				A0FFFFFF000000000000001 /* Frameworks */,
				A0FFFFFFE00000000000001 /* Resources */,
			);
			buildRules = (
			);
			dependencies = (
			);
			fileSystemSynchronizedGroups = (
				693BE6142EBCF040000CBBF8 /* USDZ */,
			);
			name = PlaceObjects;
			productName = PlaceObjects;
			productReference = A1000000000000000000001 /* PlaceObjects.app */;
			productType = "com.apple.product-type.application";
		};
/* End PBXNativeTarget section */

/* Begin PBXProject section */
		A0FFFFFFFF000000000000001 /* Project object */ = {
			isa = PBXProject;
			attributes = {
				BuildIndependentTargetsInParallel = 1;
				LastSwiftUpdateCheck = 1500;
				LastUpgradeCheck = 2600;
				TargetAttributes = {
					A0FFFFFFC00000000000001 = {
						CreatedOnToolsVersion = 15.0;
					};
				};
			};
			buildConfigurationList = A100001D000000000000001 /* Build configuration list for PBXProject "PlaceObjects" */;
			compatibilityVersion = "Xcode 14.0";
			developmentRegion = en;
			hasScannedForEncodings = 0;
			knownRegions = (
				en,
				Base,
			);
			mainGroup = A0FFFFFE000000000000001;
			productRefGroup = A0FFFFFF000000000000002 /* Products */;
			projectDirPath = "";
			projectRoot = "";
			targets = (
				A0FFFFFFC00000000000001 /* PlaceObjects */,
			);
		};
/* End PBXProject section */

/* Begin PBXResourcesBuildPhase section */
		A0FFFFFFE00000000000001 /* Resources */ = {
			isa = PBXResourcesBuildPhase;
			buildActionMask = 2147483647;
			files = (
				A1000009000000000000001 /* Preview Assets.xcassets in Resources */,
				A1000007000000000000001 /* Assets.xcassets in Resources */,
			);
			runOnlyForDeploymentPostprocessing = 0;
		};
/* End PBXResourcesBuildPhase section */

/* Begin PBXSourcesBuildPhase section */
		A0FFFFFFD00000000000001 /* Sources */ = {
			isa = PBXSourcesBuildPhase;
			buildActionMask = 2147483647;
			files = (
				A1000001000000000000001 /* PlaceObjectsApp.swift in Sources */,
				A1000003000000000000001 /* ContentView.swift in Sources */,
				A1000005000000000000001 /* ImmersiveView.swift in Sources */,
				A100000B000000000000001 /* SpatialViewModel.swift in Sources */,
				A100000D000000000000001 /* PlacementIndicator.swift in Sources */,
				A100000F000000000000001 /* ObjectPlacementManager.swift in Sources */,
				A1000011000000000000001 /* PersistenceManager.swift in Sources */,
				A1000013000000000000001 /* GestureManager.swift in Sources */,
				A1000015000000000000001 /* PlacedObject.swift in Sources */,
			);
			runOnlyForDeploymentPostprocessing = 0;
		};
/* End PBXSourcesBuildPhase section */

/* Begin XCBuildConfiguration section */
		A100001E000000000000001 /* Debug */ = {
			isa = XCBuildConfiguration;
			buildSettings = {
				ALWAYS_SEARCH_USER_PATHS = NO;
				ASSETCATALOG_COMPILER_GENERATE_SWIFT_ASSET_SYMBOL_EXTENSIONS = YES;
				CLANG_ANALYZER_NONNULL = YES;
				CLANG_ANALYZER_NUMBER_OBJECT_CONVERSION = YES_AGGRESSIVE;
				CLANG_CXX_LANGUAGE_STANDARD = "gnu++20";
				CLANG_ENABLE_MODULES = YES;
				CLANG_ENABLE_OBJC_ARC = YES;
				CLANG_ENABLE_OBJC_WEAK = YES;
				CLANG_WARN_BLOCK_CAPTURE_AUTORELEASING = YES;
				CLANG_WARN_BOOL_CONVERSION = YES;
				CLANG_WARN_COMMA = YES;
				CLANG_WARN_CONSTANT_CONVERSION = YES;
				CLANG_WARN_DEPRECATED_OBJC_IMPLEMENTATIONS = YES;
				CLANG_WARN_DIRECT_OBJC_ISA_USAGE = YES_ERROR;
				CLANG_WARN_DOCUMENTATION_COMMENTS = YES;
				CLANG_WARN_EMPTY_BODY = YES;
				CLANG_WARN_ENUM_CONVERSION = YES;
				CLANG_WARN_INFINITE_RECURSION = YES;
				CLANG_WARN_INT_CONVERSION = YES;
				CLANG_WARN_NON_LITERAL_NULL_CONVERSION = YES;
				CLANG_WARN_OBJC_IMPLICIT_RETAIN_SELF = YES;
				CLANG_WARN_OBJC_LITERAL_CONVERSION = YES;
				CLANG_WARN_OBJC_ROOT_CLASS = YES_ERROR;
				CLANG_WARN_QUOTED_INCLUDE_IN_FRAMEWORK_HEADER = YES;
				CLANG_WARN_RANGE_LOOP_ANALYSIS = YES;
				CLANG_WARN_STRICT_PROTOTYPES = YES;
				CLANG_WARN_SUSPICIOUS_MOVE = YES;
				CLANG_WARN_UNGUARDED_AVAILABILITY = YES_AGGRESSIVE;
				CLANG_WARN_UNREACHABLE_CODE = YES;
				CLANG_WARN__DUPLICATE_METHOD_MATCH = YES;
				COPY_PHASE_STRIP = NO;
				DEBUG_INFORMATION_FORMAT = dwarf;
				DEVELOPMENT_TEAM = 7SUP2RXTT6;
				ENABLE_STRICT_OBJC_MSGSEND = YES;
				ENABLE_TESTABILITY = YES;
				ENABLE_USER_SCRIPT_SANDBOXING = YES;
				GCC_C_LANGUAGE_STANDARD = gnu17;
				GCC_DYNAMIC_NO_PIC = NO;
				GCC_NO_COMMON_BLOCKS = YES;
				GCC_OPTIMIZATION_LEVEL = 0;
				GCC_PREPROCESSOR_DEFINITIONS = (
					"DEBUG=1",
					"$(inherited)",
				);
				GCC_WARN_64_TO_32_BIT_CONVERSION = YES;
				GCC_WARN_ABOUT_RETURN_TYPE = YES_ERROR;
				GCC_WARN_UNDECLARED_SELECTOR = YES;
				GCC_WARN_UNINITIALIZED_AUTOS = YES_AGGRESSIVE;
				GCC_WARN_UNUSED_FUNCTION = YES;
				GCC_WARN_UNUSED_VARIABLE = YES;
				LOCALIZATION_PREFERS_STRING_CATALOGS = YES;
				MTL_ENABLE_DEBUG_INFO = INCLUDE_SOURCE;
				MTL_FAST_MATH = YES;
				ONLY_ACTIVE_ARCH = YES;
				SDKROOT = xros;
				STRING_CATALOG_GENERATE_SYMBOLS = YES;
				SWIFT_ACTIVE_COMPILATION_CONDITIONS = "DEBUG $(inherited)";
				SWIFT_OPTIMIZATION_LEVEL = "-Onone";
				XROS_DEPLOYMENT_TARGET = 1.0;
			};
			name = Debug;
		};
		A100001F000000000000001 /* Release */ = {
			isa = XCBuildConfiguration;
			buildSettings = {
				ALWAYS_SEARCH_USER_PATHS = NO;
				ASSETCATALOG_COMPILER_GENERATE_SWIFT_ASSET_SYMBOL_EXTENSIONS = YES;
				CLANG_ANALYZER_NONNULL = YES;
				CLANG_ANALYZER_NUMBER_OBJECT_CONVERSION = YES_AGGRESSIVE;
				CLANG_CXX_LANGUAGE_STANDARD = "gnu++20";
				CLANG_ENABLE_MODULES = YES;
				CLANG_ENABLE_OBJC_ARC = YES;
				CLANG_ENABLE_OBJC_WEAK = YES;
				CLANG_WARN_BLOCK_CAPTURE_AUTORELEASING = YES;
				CLANG_WARN_BOOL_CONVERSION = YES;
				CLANG_WARN_COMMA = YES;
				CLANG_WARN_CONSTANT_CONVERSION = YES;
				CLANG_WARN_DEPRECATED_OBJC_IMPLEMENTATIONS = YES;
				CLANG_WARN_DIRECT_OBJC_ISA_USAGE = YES_ERROR;
				CLANG_WARN_DOCUMENTATION_COMMENTS = YES;
				CLANG_WARN_EMPTY_BODY = YES;
				CLANG_WARN_ENUM_CONVERSION = YES;
				CLANG_WARN_INFINITE_RECURSION = YES;
				CLANG_WARN_INT_CONVERSION = YES;
				CLANG_WARN_NON_LITERAL_NULL_CONVERSION = YES;
				CLANG_WARN_OBJC_IMPLICIT_RETAIN_SELF = YES;
				CLANG_WARN_OBJC_LITERAL_CONVERSION = YES;
				CLANG_WARN_OBJC_ROOT_CLASS = YES_ERROR;
				CLANG_WARN_QUOTED_INCLUDE_IN_FRAMEWORK_HEADER = YES;
				CLANG_WARN_RANGE_LOOP_ANALYSIS = YES;
				CLANG_WARN_STRICT_PROTOTYPES = YES;
				CLANG_WARN_SUSPICIOUS_MOVE = YES;
				CLANG_WARN_UNGUARDED_AVAILABILITY = YES_AGGRESSIVE;
				CLANG_WARN_UNREACHABLE_CODE = YES;
				CLANG_WARN__DUPLICATE_METHOD_MATCH = YES;
				COPY_PHASE_STRIP = NO;
				DEBUG_INFORMATION_FORMAT = "dwarf-with-dsym";
				DEVELOPMENT_TEAM = 7SUP2RXTT6;
				ENABLE_NS_ASSERTIONS = NO;
				ENABLE_STRICT_OBJC_MSGSEND = YES;
				ENABLE_USER_SCRIPT_SANDBOXING = YES;
				GCC_C_LANGUAGE_STANDARD = gnu17;
				GCC_NO_COMMON_BLOCKS = YES;
				GCC_WARN_64_TO_32_BIT_CONVERSION = YES;
				GCC_WARN_ABOUT_RETURN_TYPE = YES_ERROR;
				GCC_WARN_UNDECLARED_SELECTOR = YES;
				GCC_WARN_UNINITIALIZED_AUTOS = YES_AGGRESSIVE;
				GCC_WARN_UNUSED_FUNCTION = YES;
				GCC_WARN_UNUSED_VARIABLE = YES;
				LOCALIZATION_PREFERS_STRING_CATALOGS = YES;
				MTL_ENABLE_DEBUG_INFO = NO;
				MTL_FAST_MATH = YES;
				SDKROOT = xros;
				STRING_CATALOG_GENERATE_SYMBOLS = YES;
				SWIFT_COMPILATION_MODE = wholemodule;
				VALIDATE_PRODUCT = YES;
				XROS_DEPLOYMENT_TARGET = 1.0;
			};
			name = Release;
		};
		A1000020000000000000001 /* Debug */ = {
			isa = XCBuildConfiguration;
			buildSettings = {
				ASSETCATALOG_COMPILER_APPICON_NAME = AppIcon;
				ASSETCATALOG_COMPILER_GLOBAL_ACCENT_COLOR_NAME = AccentColor;
				CODE_SIGN_STYLE = Automatic;
				CURRENT_PROJECT_VERSION = 1;
				DEVELOPMENT_ASSET_PATHS = "\"PlaceObjects/Preview Content\"";
				ENABLE_PREVIEWS = YES;
				GENERATE_INFOPLIST_FILE = YES;
				INFOPLIST_FILE = "$(TARGET_NAME)/Info.plist";
				INFOPLIST_KEY_NSCameraUsageDescription = "This app requires camera access to place objects in the real world.";
				INFOPLIST_KEY_UIApplicationSceneManifest_Generation = YES;
				INFOPLIST_KEY_UIApplicationSupportsIndirectInputEvents = YES;
				INFOPLIST_KEY_UIRequiredDeviceCapabilities = "arkit world-tracking";
				LD_RUNPATH_SEARCH_PATHS = (
					"$(inherited)",
					"@executable_path/Frameworks",
				);
				MARKETING_VERSION = 1.0;
				PRODUCT_BUNDLE_IDENTIFIER = com.dennyrgood.placeobjects;
				PRODUCT_NAME = "$(TARGET_NAME)";
				SUPPORTED_PLATFORMS = "xros xrsimulator";
				SUPPORTS_MACCATALYST = NO;
				SUPPORTS_MAC_DESIGNED_FOR_IPHONE_IPAD = NO;
				SWIFT_EMIT_LOC_STRINGS = YES;
				SWIFT_VERSION = 5.0;
				TARGETED_DEVICE_FAMILY = 7;
			};
			name = Debug;
		};
		A1000021000000000000001 /* Release */ = {
			isa = XCBuildConfiguration;
			buildSettings = {
				ASSETCATALOG_COMPILER_APPICON_NAME = AppIcon;
				ASSETCATALOG_COMPILER_GLOBAL_ACCENT_COLOR_NAME = AccentColor;
				CODE_SIGN_STYLE = Automatic;
				CURRENT_PROJECT_VERSION = 1;
				DEVELOPMENT_ASSET_PATHS = "\"PlaceObjects/Preview Content\"";
				ENABLE_PREVIEWS = YES;
				GENERATE_INFOPLIST_FILE = YES;
				INFOPLIST_FILE = "$(TARGET_NAME)/Info.plist";
				INFOPLIST_KEY_NSCameraUsageDescription = "This app requires camera access to place objects in the real world.";
				INFOPLIST_KEY_UIApplicationSceneManifest_Generation = YES;
				INFOPLIST_KEY_UIApplicationSupportsIndirectInputEvents = YES;
				INFOPLIST_KEY_UIRequiredDeviceCapabilities = "arkit world-tracking";
				LD_RUNPATH_SEARCH_PATHS = (
					"$(inherited)",
					"@executable_path/Frameworks",
				);
				MARKETING_VERSION = 1.0;
				PRODUCT_BUNDLE_IDENTIFIER = com.dennyrgood.placeobjects;
				PRODUCT_NAME = "$(TARGET_NAME)";
				SUPPORTED_PLATFORMS = "xros xrsimulator";
				SUPPORTS_MACCATALYST = NO;
				SUPPORTS_MAC_DESIGNED_FOR_IPHONE_IPAD = NO;
				SWIFT_EMIT_LOC_STRINGS = YES;
				SWIFT_VERSION = 5.0;
				TARGETED_DEVICE_FAMILY = 7;
			};
			name = Release;
		};
/* End XCBuildConfiguration section */

/* Begin XCConfigurationList section */
		A100001C000000000000001 /* Build configuration list for PBXNativeTarget "PlaceObjects" */ = {
			isa = XCConfigurationList;
			buildConfigurations = (
				A1000020000000000000001 /* Debug */,
				A1000021000000000000001 /* Release */,
			);
			defaultConfigurationIsVisible = 0;
			defaultConfigurationName = Release;
		};
		A100001D000000000000001 /* Build configuration list for PBXProject "PlaceObjects" */ = {
			isa = XCConfigurationList;
			buildConfigurations = (
				A100001E000000000000001 /* Debug */,
				A100001F000000000000001 /* Release */,
			);
			defaultConfigurationIsVisible = 0;
			defaultConfigurationName = Release;
		};
/* End XCConfigurationList section */
	};
	rootObject = A0FFFFFFFF000000000000001 /* Project object */;
}
